
Microsoft Visual Studio Solution File, Format Version 12.00
# Visual Studio Version 16
VisualStudioVersion = 16.0.29709.97
MinimumVisualStudioVersion = 10.0.40219.1
Project("{FAE04EC0-301F-11D3-BF4B-00C04F79EFBC}") = "DevCard_MVC", "DevCard_MVC\DevCard_MVC.csproj", "{953B56AA-52EC-4C26-95EB-6CF092CB6D61}"
EndProject
Global
	GlobalSection(SolutionConfigurationPlatforms) = preSolution
		Debug|Any CPU = Debug|Any CPU
		Release|Any CPU = Release|Any CPU
	EndGlobalSection
	GlobalSection(ProjectConfigurationPlatforms) = postSolution
		{953B56AA-52EC-4C26-95EB-6CF092CB6D61}.Debug|Any CPU.ActiveCfg = Debug|Any CPU
		{953B56AA-52EC-4C26-95EB-6CF092CB6D61}.Debug|Any CPU.Build.0 = Debug|Any CPU
		{953B56AA-52EC-4C26-95EB-6CF092CB6D61}.Release|Any CPU.ActiveCfg = Release|Any CPU
		{953B56AA-52EC-4C26-95EB-6CF092CB6D61}.Release|Any CPU.Build.0 = Release|Any CPU
	EndGlobalSection
	GlobalSection(SolutionProperties) = preSolution
		HideSolutionNode = FALSE
	EndGlobalSection
	GlobalSection(ExtensibilityGlobals) = postSolution
		SolutionGuid = {7C02370B-2C71-4EC2-A0CD-DAF9C1AD72C0}
	EndGlobalSection
EndGlobal
